
Microsoft Visual Studio Solution File, Format Version 12.00
# Visual Studio Version 17
VisualStudioVersion = 17.13.35931.197 d17.13
MinimumVisualStudioVersion = 10.0.40219.1
Project("{FAE04EC0-301F-11D3-BF4B-00C04F79EFBC}") = "Gerenciador de Produtos", "Gerenciador de Produtos.csproj", "{AC8F286E-FEF6-4DEF-B15C-D194A1C94F13}"
EndProject
Global
	GlobalSection(SolutionConfigurationPlatforms) = preSolution
		Debug|Any CPU = Debug|Any CPU
		Release|Any CPU = Release|Any CPU
	EndGlobalSection
	GlobalSection(ProjectConfigurationPlatforms) = postSolution
		{AC8F286E-FEF6-4DEF-B15C-D194A1C94F13}.Debug|Any CPU.ActiveCfg = Debug|Any CPU
		{AC8F286E-FEF6-4DEF-B15C-D194A1C94F13}.Debug|Any CPU.Build.0 = Debug|Any CPU
		{AC8F286E-FEF6-4DEF-B15C-D194A1C94F13}.Release|Any CPU.ActiveCfg = Release|Any CPU
		{AC8F286E-FEF6-4DEF-B15C-D194A1C94F13}.Release|Any CPU.Build.0 = Release|Any CPU
	EndGlobalSection
	GlobalSection(SolutionProperties) = preSolution
		HideSolutionNode = FALSE
	EndGlobalSection
	GlobalSection(ExtensibilityGlobals) = postSolution
		SolutionGuid = {F456F80A-41A2-489C-A32A-B22AFE6DD0A3}
	EndGlobalSection
EndGlobal
